
Microsoft Visual Studio Solution File, Format Version 12.00
# Visual Studio 14
VisualStudioVersion = 14.0.25420.1
MinimumVisualStudioVersion = 10.0.40219.1
Project("{FAE04EC0-301F-11D3-BF4B-00C04F79EFBC}") = "Tupperware.Tests", "Tupperware.Tests\Tupperware.Tests.csproj", "{9EEEE145-98EC-4101-B9C0-E9B025BEA038}"
EndProject
Project("{FAE04EC0-301F-11D3-BF4B-00C04F79EFBC}") = "Tupperware", "Tupperware\Tupperware.csproj", "{7EC518F4-43DA-416E-ABFB-596187FB55C1}"
EndProject
Project("{FAE04EC0-301F-11D3-BF4B-00C04F79EFBC}") = "Tupperware.WebExample", "Tupperware.WebExample\Tupperware.WebExample.csproj", "{6F9D197E-05CC-434D-9310-2E5D783F1E7B}"
EndProject
Global
	GlobalSection(SolutionConfigurationPlatforms) = preSolution
		Debug|Any CPU = Debug|Any CPU
		Release|Any CPU = Release|Any CPU
	EndGlobalSection
	GlobalSection(ProjectConfigurationPlatforms) = postSolution
		{9EEEE145-98EC-4101-B9C0-E9B025BEA038}.Debug|Any CPU.ActiveCfg = Debug|Any CPU
		{9EEEE145-98EC-4101-B9C0-E9B025BEA038}.Debug|Any CPU.Build.0 = Debug|Any CPU
		{9EEEE145-98EC-4101-B9C0-E9B025BEA038}.Release|Any CPU.ActiveCfg = Release|Any CPU
		{9EEEE145-98EC-4101-B9C0-E9B025BEA038}.Release|Any CPU.Build.0 = Release|Any CPU
		{7EC518F4-43DA-416E-ABFB-596187FB55C1}.Debug|Any CPU.ActiveCfg = Debug|Any CPU
		{7EC518F4-43DA-416E-ABFB-596187FB55C1}.Debug|Any CPU.Build.0 = Debug|Any CPU
		{7EC518F4-43DA-416E-ABFB-596187FB55C1}.Release|Any CPU.ActiveCfg = Release|Any CPU
		{7EC518F4-43DA-416E-ABFB-596187FB55C1}.Release|Any CPU.Build.0 = Release|Any CPU
		{6F9D197E-05CC-434D-9310-2E5D783F1E7B}.Debug|Any CPU.ActiveCfg = Debug|Any CPU
		{6F9D197E-05CC-434D-9310-2E5D783F1E7B}.Debug|Any CPU.Build.0 = Debug|Any CPU
		{6F9D197E-05CC-434D-9310-2E5D783F1E7B}.Release|Any CPU.ActiveCfg = Release|Any CPU
		{6F9D197E-05CC-434D-9310-2E5D783F1E7B}.Release|Any CPU.Build.0 = Release|Any CPU
	EndGlobalSection
	GlobalSection(SolutionProperties) = preSolution
		HideSolutionNode = FALSE
	EndGlobalSection
EndGlobal
